github.com/dmihalcik-virtru/workflow-testing-zone/a v0.0.9 h1:bgmQQ5n4DFTIXMDDfl6+dBHM/C/otN59QevIeLY1h2Y=
github.com/dmihalcik-virtru/workflow-testing-zone/a v0.0.9/go.mod h1:etmciRNRpUChErtUJnoz+wN7fYRbj2bRIYjBRlx68lY=
github.com/dmihalcik-virtru/workflow-testing-zone/a v0.0.10 h1:W9QoTj29smAOCYajuUvSiIMhNIBVM8/+efWctCPKrFE=
github.com/dmihalcik-virtru/workflow-testing-zone/a v0.0.10/go.mod h1:etmciRNRpUChErtUJnoz+wN7fYRbj2bRIYjBRlx68lY=
